<Solution>
  <Folder Name="/benchmarks/">
    <Project Path="benchmarks/Twinbox.Benchmarks/Twinbox.Benchmarks.csproj" />
  </Folder>
  <Folder Name="/src/">
    <Project Path="src/Twinbox.Abstractions/Twinbox.Abstractions.csproj" />
    <Project Path="src/Twinbox.EntityFrameworkCore/Twinbox.EntityFrameworkCore.csproj" />
    <Project Path="src/Twinbox.AzureServiceBus/Twinbox.AzureServiceBus.csproj" />
    <Project Path="src/Twinbox.InMemory/Twinbox.InMemory.csproj" />
    <Project Path="src/Twinbox.Kafka/Twinbox.Kafka.csproj" />
    <Project Path="src/Twinbox.PostgreSql/Twinbox.PostgreSql.csproj" />
    <Project Path="src/Twinbox.RabbitMQ/Twinbox.RabbitMQ.csproj" />
    <Project Path="src/Twinbox.RedisStreams/Twinbox.RedisStreams.csproj" />
    <Project Path="src/Twinbox.SqlServer/Twinbox.SqlServer.csproj" />
    <Project Path="src/Twinbox.SourceGenerators/Twinbox.SourceGenerators.csproj" />
    <Project Path="src/Twinbox.Testing/Twinbox.Testing.csproj" />
    <Project Path="src/Twinbox/Twinbox.csproj" />
  </Folder>
  <Folder Name="/tests/">
    <Project Path="tests/Twinbox.EntityFrameworkCore.IntegrationTests/Twinbox.EntityFrameworkCore.IntegrationTests.csproj" />
    <Project Path="tests/Twinbox.RabbitMQ.Tests/Twinbox.RabbitMQ.Tests.csproj" />
    <Project Path="tests/Twinbox.AzureServiceBus.Tests/Twinbox.AzureServiceBus.Tests.csproj" />
    <Project Path="tests/Twinbox.Kafka.Tests/Twinbox.Kafka.Tests.csproj" />
    <Project Path="tests/Twinbox.RedisStreams.Tests/Twinbox.RedisStreams.Tests.csproj" />
    <Project Path="tests/Twinbox.Relational.IntegrationTests/Twinbox.Relational.IntegrationTests.csproj" />
    <Project Path="tests/Twinbox.SourceGenerators.Tests/Twinbox.SourceGenerators.Tests.csproj" />
    <Project Path="tests/Twinbox.UnitTests/Twinbox.UnitTests.csproj" />
  </Folder>
</Solution>
